
Microsoft Visual Studio Solution File, Format Version 12.00
# Visual Studio Version 17
VisualStudioVersion = 17.8.34330.188
MinimumVisualStudioVersion = 10.0.40219.1
Project("{9A19103F-16F7-4668-BE54-9A1E7A4F7556}") = "ProjectManagerApp", "ProjectManagerApp\ProjectManagerApp.csproj", "{497C87B8-54BE-4C4A-8B70-4B43F4C8328B}"
EndProject
Global
	GlobalSection(SolutionConfigurationPlatforms) = preSolution
		Debug|Any CPU = Debug|Any CPU
		Release|Any CPU = Release|Any CPU
	EndGlobalSection
	GlobalSection(ProjectConfigurationPlatforms) = postSolution
		{497C87B8-54BE-4C4A-8B70-4B43F4C8328B}.Debug|Any CPU.ActiveCfg = Debug|Any CPU
		{497C87B8-54BE-4C4A-8B70-4B43F4C8328B}.Debug|Any CPU.Build.0 = Debug|Any CPU
		{497C87B8-54BE-4C4A-8B70-4B43F4C8328B}.Release|Any CPU.ActiveCfg = Release|Any CPU
		{497C87B8-54BE-4C4A-8B70-4B43F4C8328B}.Release|Any CPU.Build.0 = Release|Any CPU
	EndGlobalSection
	GlobalSection(SolutionProperties) = preSolution
		HideSolutionNode = FALSE
	EndGlobalSection
	GlobalSection(ExtensibilityGlobals) = postSolution
		SolutionGuid = {0221D6B5-CCBD-4BDD-839E-169C16CBCFCC}
	EndGlobalSection
EndGlobal
